// !$*UTF8*$!
{
	archiveVersion = 1;
	classes = {
	};
	objectVersion = 50;
	objects = {

/* Begin PBXBuildFile section */
		457BAE39246EB72E004931D8 /* TAUUITestBase.swift in Sources */ = {isa = PBXBuildFile; fileRef = 457BAE38246EB72E004931D8 /* TAUUITestBase.swift */; };
		457BAE3B246EBC45004931D8 /* BDDTest.swift in Sources */ = {isa = PBXBuildFile; fileRef = 457BAE3A246EBC45004931D8 /* BDDTest.swift */; };
		457BAE3D246EC414004931D8 /* TAUSteps.swift in Sources */ = {isa = PBXBuildFile; fileRef = 457BAE3C246EC414004931D8 /* TAUSteps.swift */; };
		457BAE3F246EC41E004931D8 /* TAUElements.swift in Sources */ = {isa = PBXBuildFile; fileRef = 457BAE3E246EC41E004931D8 /* TAUElements.swift */; };
		458D72AB2465B14800FC15F6 /* TAUUITests.swift in Sources */ = {isa = PBXBuildFile; fileRef = 458D72AA2465B14800FC15F6 /* TAUUITests.swift */; };
		45CCA2C424659DB8003553FC /* AppDelegate.swift in Sources */ = {isa = PBXBuildFile; fileRef = 45CCA2C324659DB8003553FC /* AppDelegate.swift */; };
		45CCA2C624659DB8003553FC /* SceneDelegate.swift in Sources */ = {isa = PBXBuildFile; fileRef = 45CCA2C524659DB8003553FC /* SceneDelegate.swift */; };
		45CCA2C824659DB8003553FC /* ViewController.swift in Sources */ = {isa = PBXBuildFile; fileRef = 45CCA2C724659DB8003553FC /* ViewController.swift */; };
		45CCA2CB24659DB8003553FC /* Main.storyboard in Resources */ = {isa = PBXBuildFile; fileRef = 45CCA2C924659DB8003553FC /* Main.storyboard */; };
		45CCA2CD24659DBA003553FC /* Assets.xcassets in Resources */ = {isa = PBXBuildFile; fileRef = 45CCA2CC24659DBA003553FC /* Assets.xcassets */; };
		45CCA2D024659DBA003553FC /* LaunchScreen.storyboard in Resources */ = {isa = PBXBuildFile; fileRef = 45CCA2CE24659DBA003553FC /* LaunchScreen.storyboard */; };
		45CCA2DB24659DBA003553FC /* TAUTests.swift in Sources */ = {isa = PBXBuildFile; fileRef = 45CCA2DA24659DBA003553FC /* TAUTests.swift */; };
/* End PBXBuildFile section */

/* Begin PBXContainerItemProxy section */
		458D72AD2465B14800FC15F6 /* PBXContainerItemProxy */ = {
			isa = PBXContainerItemProxy;
			containerPortal = 45CCA2B824659DB8003553FC /* Project object */;
			proxyType = 1;
			remoteGlobalIDString = 45CCA2BF24659DB8003553FC;
			remoteInfo = TAU;
		};
		45CCA2D724659DBA003553FC /* PBXContainerItemProxy */ = {
			isa = PBXContainerItemProxy;
			containerPortal = 45CCA2B824659DB8003553FC /* Project object */;
			proxyType = 1;
			remoteGlobalIDString = 45CCA2BF24659DB8003553FC;
			remoteInfo = TAU;
		};
/* End PBXContainerItemProxy section */

/* Begin PBXFileReference section */
		457BAE38246EB72E004931D8 /* TAUUITestBase.swift */ = {isa = PBXFileReference; lastKnownFileType = sourcecode.swift; path = TAUUITestBase.swift; sourceTree = "<group>"; };
		457BAE3A246EBC45004931D8 /* BDDTest.swift */ = {isa = PBXFileReference; lastKnownFileType = sourcecode.swift; path = BDDTest.swift; sourceTree = "<group>"; };
		457BAE3C246EC414004931D8 /* TAUSteps.swift */ = {isa = PBXFileReference; lastKnownFileType = sourcecode.swift; path = TAUSteps.swift; sourceTree = "<group>"; };
		457BAE3E246EC41E004931D8 /* TAUElements.swift */ = {isa = PBXFileReference; lastKnownFileType = sourcecode.swift; path = TAUElements.swift; sourceTree = "<group>"; };
		458D72A82465B14800FC15F6 /* TAUUITests.xctest */ = {isa = PBXFileReference; explicitFileType = wrapper.cfbundle; includeInIndex = 0; path = TAUUITests.xctest; sourceTree = BUILT_PRODUCTS_DIR; };
		458D72AA2465B14800FC15F6 /* TAUUITests.swift */ = {isa = PBXFileReference; lastKnownFileType = sourcecode.swift; path = TAUUITests.swift; sourceTree = "<group>"; };
		458D72AC2465B14800FC15F6 /* Info.plist */ = {isa = PBXFileReference; lastKnownFileType = text.plist.xml; path = Info.plist; sourceTree = "<group>"; };
		45CCA2C024659DB8003553FC /* TAU.app */ = {isa = PBXFileReference; explicitFileType = wrapper.application; includeInIndex = 0; path = TAU.app; sourceTree = BUILT_PRODUCTS_DIR; };
		45CCA2C324659DB8003553FC /* AppDelegate.swift */ = {isa = PBXFileReference; lastKnownFileType = sourcecode.swift; path = AppDelegate.swift; sourceTree = "<group>"; };
		45CCA2C524659DB8003553FC /* SceneDelegate.swift */ = {isa = PBXFileReference; lastKnownFileType = sourcecode.swift; path = SceneDelegate.swift; sourceTree = "<group>"; };
		45CCA2C724659DB8003553FC /* ViewController.swift */ = {isa = PBXFileReference; lastKnownFileType = sourcecode.swift; path = ViewController.swift; sourceTree = "<group>"; };
		45CCA2CA24659DB8003553FC /* Base */ = {isa = PBXFileReference; lastKnownFileType = file.storyboard; name = Base; path = Base.lproj/Main.storyboard; sourceTree = "<group>"; };
		45CCA2CC24659DBA003553FC /* Assets.xcassets */ = {isa = PBXFileReference; lastKnownFileType = folder.assetcatalog; path = Assets.xcassets; sourceTree = "<group>"; };
		45CCA2CF24659DBA003553FC /* Base */ = {isa = PBXFileReference; lastKnownFileType = file.storyboard; name = Base; path = Base.lproj/LaunchScreen.storyboard; sourceTree = "<group>"; };
		45CCA2D124659DBA003553FC /* Info.plist */ = {isa = PBXFileReference; lastKnownFileType = text.plist.xml; path = Info.plist; sourceTree = "<group>"; };
		45CCA2D624659DBA003553FC /* TAUTests.xctest */ = {isa = PBXFileReference; explicitFileType = wrapper.cfbundle; includeInIndex = 0; path = TAUTests.xctest; sourceTree = BUILT_PRODUCTS_DIR; };
		45CCA2DA24659DBA003553FC /* TAUTests.swift */ = {isa = PBXFileReference; lastKnownFileType = sourcecode.swift; path = TAUTests.swift; sourceTree = "<group>"; };
		45CCA2DC24659DBA003553FC /* Info.plist */ = {isa = PBXFileReference; lastKnownFileType = text.plist.xml; path = Info.plist; sourceTree = "<group>"; };
/* End PBXFileReference section */

/* Begin PBXFrameworksBuildPhase section */
		458D72A52465B14800FC15F6 /* Frameworks */ = {
			isa = PBXFrameworksBuildPhase;
			buildActionMask = 2147483647;
			files = (
			);
			runOnlyForDeploymentPostprocessing = 0;
		};
		45CCA2BD24659DB8003553FC /* Frameworks */ = {
			isa = PBXFrameworksBuildPhase;
			buildActionMask = 2147483647;
			files = (
			);
			runOnlyForDeploymentPostprocessing = 0;
		};
		45CCA2D324659DBA003553FC /* Frameworks */ = {
			isa = PBXFrameworksBuildPhase;
			buildActionMask = 2147483647;
			files = (
			);
			runOnlyForDeploymentPostprocessing = 0;
		};
/* End PBXFrameworksBuildPhase section */

/* Begin PBXGroup section */
		457BAE40246EC45B004931D8 /* Base */ = {
			isa = PBXGroup;
			children = (
				457BAE38246EB72E004931D8 /* TAUUITestBase.swift */,
			);
			path = Base;
			sourceTree = "<group>";
		};
		457BAE41246EC468004931D8 /* XCUIElements */ = {
			isa = PBXGroup;
			children = (
				457BAE3E246EC41E004931D8 /* TAUElements.swift */,
			);
			path = XCUIElements;
			sourceTree = "<group>";
		};
		457BAE42246EC478004931D8 /* Steps */ = {
			isa = PBXGroup;
			children = (
				457BAE3C246EC414004931D8 /* TAUSteps.swift */,
			);
			path = Steps;
			sourceTree = "<group>";
		};
		457BAE43246EC483004931D8 /* Tests */ = {
			isa = PBXGroup;
			children = (
				458D72AA2465B14800FC15F6 /* TAUUITests.swift */,
				457BAE3A246EBC45004931D8 /* BDDTest.swift */,
			);
			path = Tests;
			sourceTree = "<group>";
		};
		458D72A92465B14800FC15F6 /* TAUUITests */ = {
			isa = PBXGroup;
			children = (
				457BAE43246EC483004931D8 /* Tests */,
				457BAE42246EC478004931D8 /* Steps */,
				457BAE41246EC468004931D8 /* XCUIElements */,
				457BAE40246EC45B004931D8 /* Base */,
				458D72AC2465B14800FC15F6 /* Info.plist */,
			);
			path = TAUUITests;
			sourceTree = "<group>";
		};
		45CCA2B724659DB8003553FC = {
			isa = PBXGroup;
			children = (
				45CCA2C224659DB8003553FC /* TAU */,
				45CCA2D924659DBA003553FC /* TAUTests */,
				458D72A92465B14800FC15F6 /* TAUUITests */,
				45CCA2C124659DB8003553FC /* Products */,
			);
			sourceTree = "<group>";
		};
		45CCA2C124659DB8003553FC /* Products */ = {
			isa = PBXGroup;
			children = (
				45CCA2C024659DB8003553FC /* TAU.app */,
				45CCA2D624659DBA003553FC /* TAUTests.xctest */,
				458D72A82465B14800FC15F6 /* TAUUITests.xctest */,
			);
			name = Products;
			sourceTree = "<group>";
		};
		45CCA2C224659DB8003553FC /* TAU */ = {
			isa = PBXGroup;
			children = (
				45CCA2C324659DB8003553FC /* AppDelegate.swift */,
				45CCA2C524659DB8003553FC /* SceneDelegate.swift */,
				45CCA2C724659DB8003553FC /* ViewController.swift */,
				45CCA2C924659DB8003553FC /* Main.storyboard */,
				45CCA2CC24659DBA003553FC /* Assets.xcassets */,
				45CCA2CE24659DBA003553FC /* LaunchScreen.storyboard */,
				45CCA2D124659DBA003553FC /* Info.plist */,
			);
			path = TAU;
			sourceTree = "<group>";
		};
		45CCA2D924659DBA003553FC /* TAUTests */ = {
			isa = PBXGroup;
			children = (
				45CCA2DA24659DBA003553FC /* TAUTests.swift */,
				45CCA2DC24659DBA003553FC /* Info.plist */,
			);
			path = TAUTests;
			sourceTree = "<group>";
		};
/* End PBXGroup section */

/* Begin PBXNativeTarget section */
		458D72A72465B14800FC15F6 /* TAUUITests */ = {
			isa = PBXNativeTarget;
			buildConfigurationList = 458D72AF2465B14800FC15F6 /* Build configuration list for PBXNativeTarget "TAUUITests" */;
			buildPhases = (
				458D72A42465B14800FC15F6 /* Sources */,
				458D72A52465B14800FC15F6 /* Frameworks */,
				458D72A62465B14800FC15F6 /* Resources */,
			);
			buildRules = (
			);
			dependencies = (
				458D72AE2465B14800FC15F6 /* PBXTargetDependency */,
			);
			name = TAUUITests;
			productName = TAUUITests;
			productReference = 458D72A82465B14800FC15F6 /* TAUUITests.xctest */;
			productType = "com.apple.product-type.bundle.ui-testing";
		};
		45CCA2BF24659DB8003553FC /* TAU */ = {
			isa = PBXNativeTarget;
			buildConfigurationList = 45CCA2EA24659DBA003553FC /* Build configuration list for PBXNativeTarget "TAU" */;
			buildPhases = (
				45CCA2BC24659DB8003553FC /* Sources */,
				45CCA2BD24659DB8003553FC /* Frameworks */,
				45CCA2BE24659DB8003553FC /* Resources */,
			);
			buildRules = (
			);
			dependencies = (
			);
			name = TAU;
			productName = TAU;
			productReference = 45CCA2C024659DB8003553FC /* TAU.app */;
			productType = "com.apple.product-type.application";
		};
		45CCA2D524659DBA003553FC /* TAUTests */ = {
			isa = PBXNativeTarget;
			buildConfigurationList = 45CCA2ED24659DBA003553FC /* Build configuration list for PBXNativeTarget "TAUTests" */;
			buildPhases = (
				45CCA2D224659DBA003553FC /* Sources */,
				45CCA2D324659DBA003553FC /* Frameworks */,
				45CCA2D424659DBA003553FC /* Resources */,
			);
			buildRules = (
			);
			dependencies = (
				45CCA2D824659DBA003553FC /* PBXTargetDependency */,
			);
			name = TAUTests;
			productName = TAUTests;
			productReference = 45CCA2D624659DBA003553FC /* TAUTests.xctest */;
			productType = "com.apple.product-type.bundle.unit-test";
		};
/* End PBXNativeTarget section */

/* Begin PBXProject section */
		45CCA2B824659DB8003553FC /* Project object */ = {
			isa = PBXProject;
			attributes = {
				LastSwiftUpdateCheck = 1140;
				LastUpgradeCheck = 1140;
				TargetAttributes = {
					458D72A72465B14800FC15F6 = {
						CreatedOnToolsVersion = 11.4.1;
						TestTargetID = 45CCA2BF24659DB8003553FC;
					};
					45CCA2BF24659DB8003553FC = {
						CreatedOnToolsVersion = 11.4.1;
					};
					45CCA2D524659DBA003553FC = {
						CreatedOnToolsVersion = 11.4.1;
						TestTargetID = 45CCA2BF24659DB8003553FC;
					};
				};
			};
			buildConfigurationList = 45CCA2BB24659DB8003553FC /* Build configuration list for PBXProject "TAU" */;
			compatibilityVersion = "Xcode 9.3";
			developmentRegion = en;
			hasScannedForEncodings = 0;
			knownRegions = (
				en,
				Base,
			);
			mainGroup = 45CCA2B724659DB8003553FC;
			productRefGroup = 45CCA2C124659DB8003553FC /* Products */;
			projectDirPath = "";
			projectRoot = "";
			targets = (
				45CCA2BF24659DB8003553FC /* TAU */,
				45CCA2D524659DBA003553FC /* TAUTests */,
				458D72A72465B14800FC15F6 /* TAUUITests */,
			);
		};
/* End PBXProject section */

/* Begin PBXResourcesBuildPhase section */
		458D72A62465B14800FC15F6 /* Resources */ = {
			isa = PBXResourcesBuildPhase;
			buildActionMask = 2147483647;
			files = (
			);
			runOnlyForDeploymentPostprocessing = 0;
		};
		45CCA2BE24659DB8003553FC /* Resources */ = {
			isa = PBXResourcesBuildPhase;
			buildActionMask = 2147483647;
			files = (
				45CCA2D024659DBA003553FC /* LaunchScreen.storyboard in Resources */,
				45CCA2CD24659DBA003553FC /* Assets.xcassets in Resources */,
				45CCA2CB24659DB8003553FC /* Main.storyboard in Resources */,
			);
			runOnlyForDeploymentPostprocessing = 0;
		};
		45CCA2D424659DBA003553FC /* Resources */ = {
			isa = PBXResourcesBuildPhase;
			buildActionMask = 2147483647;
			files = (
			);
			runOnlyForDeploymentPostprocessing = 0;
		};
/* End PBXResourcesBuildPhase section */

/* Begin PBXSourcesBuildPhase section */
		458D72A42465B14800FC15F6 /* Sources */ = {
			isa = PBXSourcesBuildPhase;
			buildActionMask = 2147483647;
			files = (
				457BAE3F246EC41E004931D8 /* TAUElements.swift in Sources */,
				457BAE3B246EBC45004931D8 /* BDDTest.swift in Sources */,
				458D72AB2465B14800FC15F6 /* TAUUITests.swift in Sources */,
				457BAE3D246EC414004931D8 /* TAUSteps.swift in Sources */,
				457BAE39246EB72E004931D8 /* TAUUITestBase.swift in Sources */,
			);
			runOnlyForDeploymentPostprocessing = 0;
		};
		45CCA2BC24659DB8003553FC /* Sources */ = {
			isa = PBXSourcesBuildPhase;
			buildActionMask = 2147483647;
			files = (
				45CCA2C824659DB8003553FC /* ViewController.swift in Sources */,
				45CCA2C424659DB8003553FC /* AppDelegate.swift in Sources */,
				45CCA2C624659DB8003553FC /* SceneDelegate.swift in Sources */,
			);
			runOnlyForDeploymentPostprocessing = 0;
		};
		45CCA2D224659DBA003553FC /* Sources */ = {
			isa = PBXSourcesBuildPhase;
			buildActionMask = 2147483647;
			files = (
				45CCA2DB24659DBA003553FC /* TAUTests.swift in Sources */,
			);
			runOnlyForDeploymentPostprocessing = 0;
		};
/* End PBXSourcesBuildPhase section */

/* Begin PBXTargetDependency section */
		458D72AE2465B14800FC15F6 /* PBXTargetDependency */ = {
			isa = PBXTargetDependency;
			target = 45CCA2BF24659DB8003553FC /* TAU */;
			targetProxy = 458D72AD2465B14800FC15F6 /* PBXContainerItemProxy */;
		};
		45CCA2D824659DBA003553FC /* PBXTargetDependency */ = {
			isa = PBXTargetDependency;
			target = 45CCA2BF24659DB8003553FC /* TAU */;
			targetProxy = 45CCA2D724659DBA003553FC /* PBXContainerItemProxy */;
		};
/* End PBXTargetDependency section */

/* Begin PBXVariantGroup section */
		45CCA2C924659DB8003553FC /* Main.storyboard */ = {
			isa = PBXVariantGroup;
			children = (
				45CCA2CA24659DB8003553FC /* Base */,
			);
			name = Main.storyboard;
			sourceTree = "<group>";
		};
		45CCA2CE24659DBA003553FC /* LaunchScreen.storyboard */ = {
			isa = PBXVariantGroup;
			children = (
				45CCA2CF24659DBA003553FC /* Base */,
			);
			name = LaunchScreen.storyboard;
			sourceTree = "<group>";
		};
/* End PBXVariantGroup section */

/* Begin XCBuildConfiguration section */
		458D72B02465B14800FC15F6 /* Debug */ = {
			isa = XCBuildConfiguration;
			buildSettings = {
				CODE_SIGN_STYLE = Automatic;
				DEVELOPMENT_TEAM = GGXD5E6AF8;
				INFOPLIST_FILE = TAUUITests/Info.plist;
				LD_RUNPATH_SEARCH_PATHS = (
					"$(inherited)",
					"@executable_path/Frameworks",
					"@loader_path/Frameworks",
				);
				PRODUCT_BUNDLE_IDENTIFIER = com.shashikant.TAUUITests;
				PRODUCT_NAME = "$(TARGET_NAME)";
				SWIFT_VERSION = 5.0;
				TARGETED_DEVICE_FAMILY = "1,2";
				TEST_TARGET_NAME = TAU;
			};
			name = Debug;
		};
		458D72B12465B14800FC15F6 /* Release */ = {
			isa = XCBuildConfiguration;
			buildSettings = {
				CODE_SIGN_STYLE = Automatic;
				DEVELOPMENT_TEAM = GGXD5E6AF8;
				INFOPLIST_FILE = TAUUITests/Info.plist;
				LD_RUNPATH_SEARCH_PATHS = (
					"$(inherited)",
					"@executable_path/Frameworks",
					"@loader_path/Frameworks",
				);
				PRODUCT_BUNDLE_IDENTIFIER = com.shashikant.TAUUITests;
				PRODUCT_NAME = "$(TARGET_NAME)";
				SWIFT_VERSION = 5.0;
				TARGETED_DEVICE_FAMILY = "1,2";
				TEST_TARGET_NAME = TAU;
			};
			name = Release;
		};
		45CCA2E824659DBA003553FC /* Debug */ = {
			isa = XCBuildConfiguration;
			buildSettings = {
				ALWAYS_SEARCH_USER_PATHS = NO;
				CLANG_ANALYZER_NONNULL = YES;
				CLANG_ANALYZER_NUMBER_OBJECT_CONVERSION = YES_AGGRESSIVE;
				CLANG_CXX_LANGUAGE_STANDARD = "gnu++14";
				CLANG_CXX_LIBRARY = "libc++";
				CLANG_ENABLE_MODULES = YES;
				CLANG_ENABLE_OBJC_ARC = YES;
				CLANG_ENABLE_OBJC_WEAK = YES;
				CLANG_WARN_BLOCK_CAPTURE_AUTORELEASING = YES;
				CLANG_WARN_BOOL_CONVERSION = YES;
				CLANG_WARN_COMMA = YES;
				CLANG_WARN_CONSTANT_CONVERSION = YES;
				CLANG_WARN_DEPRECATED_OBJC_IMPLEMENTATIONS = YES;
				CLANG_WARN_DIRECT_OBJC_ISA_USAGE = YES_ERROR;
				CLANG_WARN_DOCUMENTATION_COMMENTS = YES;
				CLANG_WARN_EMPTY_BODY = YES;
				CLANG_WARN_ENUM_CONVERSION = YES;
				CLANG_WARN_INFINITE_RECURSION = YES;
				CLANG_WARN_INT_CONVERSION = YES;
				CLANG_WARN_NON_LITERAL_NULL_CONVERSION = YES;
				CLANG_WARN_OBJC_IMPLICIT_RETAIN_SELF = YES;
				CLANG_WARN_OBJC_LITERAL_CONVERSION = YES;
				CLANG_WARN_OBJC_ROOT_CLASS = YES_ERROR;
				CLANG_WARN_RANGE_LOOP_ANALYSIS = YES;
				CLANG_WARN_STRICT_PROTOTYPES = YES;
				CLANG_WARN_SUSPICIOUS_MOVE = YES;
				CLANG_WARN_UNGUARDED_AVAILABILITY = YES_AGGRESSIVE;
				CLANG_WARN_UNREACHABLE_CODE = YES;
				CLANG_WARN__DUPLICATE_METHOD_MATCH = YES;
				COPY_PHASE_STRIP = NO;
				DEBUG_INFORMATION_FORMAT = dwarf;
				ENABLE_STRICT_OBJC_MSGSEND = YES;
				ENABLE_TESTABILITY = YES;
				GCC_C_LANGUAGE_STANDARD = gnu11;
				GCC_DYNAMIC_NO_PIC = NO;
				GCC_NO_COMMON_BLOCKS = YES;
				GCC_OPTIMIZATION_LEVEL = 0;
				GCC_PREPROCESSOR_DEFINITIONS = (
					"DEBUG=1",
					"$(inherited)",
				);
				GCC_WARN_64_TO_32_BIT_CONVERSION = YES;
				GCC_WARN_ABOUT_RETURN_TYPE = YES_ERROR;
				GCC_WARN_UNDECLARED_SELECTOR = YES;
				GCC_WARN_UNINITIALIZED_AUTOS = YES_AGGRESSIVE;
				GCC_WARN_UNUSED_FUNCTION = YES;
				GCC_WARN_UNUSED_VARIABLE = YES;
				IPHONEOS_DEPLOYMENT_TARGET = 13.4;
				MTL_ENABLE_DEBUG_INFO = INCLUDE_SOURCE;
				MTL_FAST_MATH = YES;
				ONLY_ACTIVE_ARCH = YES;
				SDKROOT = iphoneos;
				SWIFT_ACTIVE_COMPILATION_CONDITIONS = DEBUG;
				SWIFT_OPTIMIZATION_LEVEL = "-Onone";
			};
			name = Debug;
		};
		45CCA2E924659DBA003553FC /* Release */ = {
			isa = XCBuildConfiguration;
			buildSettings = {
				ALWAYS_SEARCH_USER_PATHS = NO;
				CLANG_ANALYZER_NONNULL = YES;
				CLANG_ANALYZER_NUMBER_OBJECT_CONVERSION = YES_AGGRESSIVE;
				CLANG_CXX_LANGUAGE_STANDARD = "gnu++14";
				CLANG_CXX_LIBRARY = "libc++";
				CLANG_ENABLE_MODULES = YES;
				CLANG_ENABLE_OBJC_ARC = YES;
				CLANG_ENABLE_OBJC_WEAK = YES;
				CLANG_WARN_BLOCK_CAPTURE_AUTORELEASING = YES;
				CLANG_WARN_BOOL_CONVERSION = YES;
				CLANG_WARN_COMMA = YES;
				CLANG_WARN_CONSTANT_CONVERSION = YES;
				CLANG_WARN_DEPRECATED_OBJC_IMPLEMENTATIONS = YES;
				CLANG_WARN_DIRECT_OBJC_ISA_USAGE = YES_ERROR;
				CLANG_WARN_DOCUMENTATION_COMMENTS = YES;
				CLANG_WARN_EMPTY_BODY = YES;
				CLANG_WARN_ENUM_CONVERSION = YES;
				CLANG_WARN_INFINITE_RECURSION = YES;
				CLANG_WARN_INT_CONVERSION = YES;
				CLANG_WARN_NON_LITERAL_NULL_CONVERSION = YES;
				CLANG_WARN_OBJC_IMPLICIT_RETAIN_SELF = YES;
				CLANG_WARN_OBJC_LITERAL_CONVERSION = YES;
				CLANG_WARN_OBJC_ROOT_CLASS = YES_ERROR;
				CLANG_WARN_RANGE_LOOP_ANALYSIS = YES;
				CLANG_WARN_STRICT_PROTOTYPES = YES;
				CLANG_WARN_SUSPICIOUS_MOVE = YES;
				CLANG_WARN_UNGUARDED_AVAILABILITY = YES_AGGRESSIVE;
				CLANG_WARN_UNREACHABLE_CODE = YES;
				CLANG_WARN__DUPLICATE_METHOD_MATCH = YES;
				COPY_PHASE_STRIP = NO;
				DEBUG_INFORMATION_FORMAT = "dwarf-with-dsym";
				ENABLE_NS_ASSERTIONS = NO;
				ENABLE_STRICT_OBJC_MSGSEND = YES;
				GCC_C_LANGUAGE_STANDARD = gnu11;
				GCC_NO_COMMON_BLOCKS = YES;
				GCC_WARN_64_TO_32_BIT_CONVERSION = YES;
				GCC_WARN_ABOUT_RETURN_TYPE = YES_ERROR;
				GCC_WARN_UNDECLARED_SELECTOR = YES;
				GCC_WARN_UNINITIALIZED_AUTOS = YES_AGGRESSIVE;
				GCC_WARN_UNUSED_FUNCTION = YES;
				GCC_WARN_UNUSED_VARIABLE = YES;
				IPHONEOS_DEPLOYMENT_TARGET = 13.4;
				MTL_ENABLE_DEBUG_INFO = NO;
				MTL_FAST_MATH = YES;
				SDKROOT = iphoneos;
				SWIFT_COMPILATION_MODE = wholemodule;
				SWIFT_OPTIMIZATION_LEVEL = "-O";
				VALIDATE_PRODUCT = YES;
			};
			name = Release;
		};
		45CCA2EB24659DBA003553FC /* Debug */ = {
			isa = XCBuildConfiguration;
			buildSettings = {
				ASSETCATALOG_COMPILER_APPICON_NAME = AppIcon;
				CODE_SIGN_STYLE = Automatic;
				DEVELOPMENT_TEAM = GGXD5E6AF8;
				INFOPLIST_FILE = TAU/Info.plist;
				LD_RUNPATH_SEARCH_PATHS = (
					"$(inherited)",
					"@executable_path/Frameworks",
				);
				PRODUCT_BUNDLE_IDENTIFIER = com.shashikant.TAU;
				PRODUCT_NAME = "$(TARGET_NAME)";
				SWIFT_VERSION = 5.0;
				TARGETED_DEVICE_FAMILY = "1,2";
			};
			name = Debug;
		};
		45CCA2EC24659DBA003553FC /* Release */ = {
			isa = XCBuildConfiguration;
			buildSettings = {
				ASSETCATALOG_COMPILER_APPICON_NAME = AppIcon;
				CODE_SIGN_STYLE = Automatic;
				DEVELOPMENT_TEAM = GGXD5E6AF8;
				INFOPLIST_FILE = TAU/Info.plist;
				LD_RUNPATH_SEARCH_PATHS = (
					"$(inherited)",
					"@executable_path/Frameworks",
				);
				PRODUCT_BUNDLE_IDENTIFIER = com.shashikant.TAU;
				PRODUCT_NAME = "$(TARGET_NAME)";
				SWIFT_VERSION = 5.0;
				TARGETED_DEVICE_FAMILY = "1,2";
			};
			name = Release;
		};
		45CCA2EE24659DBA003553FC /* Debug */ = {
			isa = XCBuildConfiguration;
			buildSettings = {
				ALWAYS_EMBED_SWIFT_STANDARD_LIBRARIES = YES;
				BUNDLE_LOADER = "$(TEST_HOST)";
				CODE_SIGN_STYLE = Automatic;
				DEVELOPMENT_TEAM = GGXD5E6AF8;
				INFOPLIST_FILE = TAUTests/Info.plist;
				IPHONEOS_DEPLOYMENT_TARGET = 13.4;
				LD_RUNPATH_SEARCH_PATHS = (
					"$(inherited)",
					"@executable_path/Frameworks",
					"@loader_path/Frameworks",
				);
				PRODUCT_BUNDLE_IDENTIFIER = com.shashikant.TAUTests;
				PRODUCT_NAME = "$(TARGET_NAME)";
				SWIFT_VERSION = 5.0;
				TARGETED_DEVICE_FAMILY = "1,2";
				TEST_HOST = "$(BUILT_PRODUCTS_DIR)/TAU.app/TAU";
			};
			name = Debug;
		};
		45CCA2EF24659DBA003553FC /* Release */ = {
			isa = XCBuildConfiguration;
			buildSettings = {
				ALWAYS_EMBED_SWIFT_STANDARD_LIBRARIES = YES;
				BUNDLE_LOADER = "$(TEST_HOST)";
				CODE_SIGN_STYLE = Automatic;
				DEVELOPMENT_TEAM = GGXD5E6AF8;
				INFOPLIST_FILE = TAUTests/Info.plist;
				IPHONEOS_DEPLOYMENT_TARGET = 13.4;
				LD_RUNPATH_SEARCH_PATHS = (
					"$(inherited)",
					"@executable_path/Frameworks",
					"@loader_path/Frameworks",
				);
				PRODUCT_BUNDLE_IDENTIFIER = com.shashikant.TAUTests;
				PRODUCT_NAME = "$(TARGET_NAME)";
				SWIFT_VERSION = 5.0;
				TARGETED_DEVICE_FAMILY = "1,2";
				TEST_HOST = "$(BUILT_PRODUCTS_DIR)/TAU.app/TAU";
			};
			name = Release;
		};
/* End XCBuildConfiguration section */

/* Begin XCConfigurationList section */
		458D72AF2465B14800FC15F6 /* Build configuration list for PBXNativeTarget "TAUUITests" */ = {
			isa = XCConfigurationList;
			buildConfigurations = (
				458D72B02465B14800FC15F6 /* Debug */,
				458D72B12465B14800FC15F6 /* Release */,
			);
			defaultConfigurationIsVisible = 0;
			defaultConfigurationName = Release;
		};
		45CCA2BB24659DB8003553FC /* Build configuration list for PBXProject "TAU" */ = {
			isa = XCConfigurationList;
			buildConfigurations = (
				45CCA2E824659DBA003553FC /* Debug */,
				45CCA2E924659DBA003553FC /* Release */,
			);
			defaultConfigurationIsVisible = 0;
			defaultConfigurationName = Release;
		};
		45CCA2EA24659DBA003553FC /* Build configuration list for PBXNativeTarget "TAU" */ = {
			isa = XCConfigurationList;
			buildConfigurations = (
				45CCA2EB24659DBA003553FC /* Debug */,
				45CCA2EC24659DBA003553FC /* Release */,
			);
			defaultConfigurationIsVisible = 0;
			defaultConfigurationName = Release;
		};
		45CCA2ED24659DBA003553FC /* Build configuration list for PBXNativeTarget "TAUTests" */ = {
			isa = XCConfigurationList;
			buildConfigurations = (
				45CCA2EE24659DBA003553FC /* Debug */,
				45CCA2EF24659DBA003553FC /* Release */,
			);
			defaultConfigurationIsVisible = 0;
			defaultConfigurationName = Release;
		};
/* End XCConfigurationList section */
	};
	rootObject = 45CCA2B824659DB8003553FC /* Project object */;
}
